// !$*UTF8*$!
{
	archiveVersion = 1;
	classes = {
	};
	objectVersion = 46;
	objects = {

/* Begin PBXBuildFile section */
		22507F7F1D12205200A150D1 /* AppDelegate.swift in Sources */ = {isa = PBXBuildFile; fileRef = 22507F7E1D12205200A150D1 /* AppDelegate.swift */; };
		22507F811D12205200A150D1 /* ViewController.swift in Sources */ = {isa = PBXBuildFile; fileRef = 22507F801D12205200A150D1 /* ViewController.swift */; };
		22507F841D12205200A150D1 /* Main.storyboard in Resources */ = {isa = PBXBuildFile; fileRef = 22507F821D12205200A150D1 /* Main.storyboard */; };
		22507F861D12205200A150D1 /* Assets.xcassets in Resources */ = {isa = PBXBuildFile; fileRef = 22507F851D12205200A150D1 /* Assets.xcassets */; };
		22507F891D12205200A150D1 /* LaunchScreen.storyboard in Resources */ = {isa = PBXBuildFile; fileRef = 22507F871D12205200A150D1 /* LaunchScreen.storyboard */; };
		22507F911D1220E500A150D1 /* RGSTextFieldReveal.swift in Sources */ = {isa = PBXBuildFile; fileRef = 22507F901D1220E500A150D1 /* RGSTextFieldReveal.swift */; };
/* End PBXBuildFile section */

/* Begin PBXFileReference section */
		22507F7B1D12205200A150D1 /* RGSTextFieldReveal.app */ = {isa = PBXFileReference; explicitFileType = wrapper.application; includeInIndex = 0; path = RGSTextFieldReveal.app; sourceTree = BUILT_PRODUCTS_DIR; };
		22507F7E1D12205200A150D1 /* AppDelegate.swift */ = {isa = PBXFileReference; lastKnownFileType = sourcecode.swift; path = AppDelegate.swift; sourceTree = "<group>"; };
		22507F801D12205200A150D1 /* ViewController.swift */ = {isa = PBXFileReference; lastKnownFileType = sourcecode.swift; path = ViewController.swift; sourceTree = "<group>"; };
		22507F831D12205200A150D1 /* Base */ = {isa = PBXFileReference; lastKnownFileType = file.storyboard; name = Base; path = Base.lproj/Main.storyboard; sourceTree = "<group>"; };
		22507F851D12205200A150D1 /* Assets.xcassets */ = {isa = PBXFileReference; lastKnownFileType = folder.assetcatalog; path = Assets.xcassets; sourceTree = "<group>"; };
		22507F881D12205200A150D1 /* Base */ = {isa = PBXFileReference; lastKnownFileType = file.storyboard; name = Base; path = Base.lproj/LaunchScreen.storyboard; sourceTree = "<group>"; };
		22507F8A1D12205200A150D1 /* Info.plist */ = {isa = PBXFileReference; lastKnownFileType = text.plist.xml; path = Info.plist; sourceTree = "<group>"; };
		22507F901D1220E500A150D1 /* RGSTextFieldReveal.swift */ = {isa = PBXFileReference; fileEncoding = 4; lastKnownFileType = sourcecode.swift; path = RGSTextFieldReveal.swift; sourceTree = "<group>"; };
/* End PBXFileReference section */

/* Begin PBXFrameworksBuildPhase section */
		22507F781D12205200A150D1 /* Frameworks */ = {
			isa = PBXFrameworksBuildPhase;
			buildActionMask = 2147483647;
			files = (
			);
			runOnlyForDeploymentPostprocessing = 0;
		};
/* End PBXFrameworksBuildPhase section */

/* Begin PBXGroup section */
		22507F721D12205200A150D1 = {
			isa = PBXGroup;
			children = (
				22507F7D1D12205200A150D1 /* RGSTextFieldReveal */,
				22507F7C1D12205200A150D1 /* Products */,
			);
			sourceTree = "<group>";
		};
		22507F7C1D12205200A150D1 /* Products */ = {
			isa = PBXGroup;
			children = (
				22507F7B1D12205200A150D1 /* RGSTextFieldReveal.app */,
			);
			name = Products;
			sourceTree = "<group>";
		};
		22507F7D1D12205200A150D1 /* RGSTextFieldReveal */ = {
			isa = PBXGroup;
			children = (
				22507F7E1D12205200A150D1 /* AppDelegate.swift */,
				22507F801D12205200A150D1 /* ViewController.swift */,
				22507F901D1220E500A150D1 /* RGSTextFieldReveal.swift */,
				22507F821D12205200A150D1 /* Main.storyboard */,
				22507F851D12205200A150D1 /* Assets.xcassets */,
				22507F871D12205200A150D1 /* LaunchScreen.storyboard */,
				22507F8A1D12205200A150D1 /* Info.plist */,
			);
			path = RGSTextFieldReveal;
			sourceTree = "<group>";
		};
/* End PBXGroup section */

/* Begin PBXNativeTarget section */
		22507F7A1D12205200A150D1 /* RGSTextFieldReveal */ = {
			isa = PBXNativeTarget;
			buildConfigurationList = 22507F8D1D12205200A150D1 /* Build configuration list for PBXNativeTarget "RGSTextFieldReveal" */;
			buildPhases = (
				22507F771D12205200A150D1 /* Sources */,
				22507F781D12205200A150D1 /* Frameworks */,
				22507F791D12205200A150D1 /* Resources */,
			);
			buildRules = (
			);
			dependencies = (
			);
			name = RGSTextFieldReveal;
			productName = RGSTextFieldReveal;
			productReference = 22507F7B1D12205200A150D1 /* RGSTextFieldReveal.app */;
			productType = "com.apple.product-type.application";
		};
/* End PBXNativeTarget section */

/* Begin PBXProject section */
		22507F731D12205200A150D1 /* Project object */ = {
			isa = PBXProject;
			attributes = {
				LastSwiftUpdateCheck = 0730;
				LastUpgradeCheck = 0730;
				ORGANIZATIONNAME = "Randel Smith rs@randelsmit.com";
				TargetAttributes = {
					22507F7A1D12205200A150D1 = {
						CreatedOnToolsVersion = 7.3.1;
					};
				};
			};
			buildConfigurationList = 22507F761D12205200A150D1 /* Build configuration list for PBXProject "RGSTextFieldReveal" */;
			compatibilityVersion = "Xcode 3.2";
			developmentRegion = English;
			hasScannedForEncodings = 0;
			knownRegions = (
				en,
				Base,
			);
			mainGroup = 22507F721D12205200A150D1;
			productRefGroup = 22507F7C1D12205200A150D1 /* Products */;
			projectDirPath = "";
			projectRoot = "";
			targets = (
				22507F7A1D12205200A150D1 /* RGSTextFieldReveal */,
			);
		};
/* End PBXProject section */

/* Begin PBXResourcesBuildPhase section */
		22507F791D12205200A150D1 /* Resources */ = {
			isa = PBXResourcesBuildPhase;
			buildActionMask = 2147483647;
			files = (
				22507F891D12205200A150D1 /* LaunchScreen.storyboard in Resources */,
				22507F861D12205200A150D1 /* Assets.xcassets in Resources */,
				22507F841D12205200A150D1 /* Main.storyboard in Resources */,
			);
			runOnlyForDeploymentPostprocessing = 0;
		};
/* End PBXResourcesBuildPhase section */

/* Begin PBXSourcesBuildPhase section */
		22507F771D12205200A150D1 /* Sources */ = {
			isa = PBXSourcesBuildPhase;
			buildActionMask = 2147483647;
			files = (
				22507F811D12205200A150D1 /* ViewController.swift in Sources */,
				22507F7F1D12205200A150D1 /* AppDelegate.swift in Sources */,
				22507F911D1220E500A150D1 /* RGSTextFieldReveal.swift in Sources */,
			);
			runOnlyForDeploymentPostprocessing = 0;
		};
/* End PBXSourcesBuildPhase section */

/* Begin PBXVariantGroup section */
		22507F821D12205200A150D1 /* Main.storyboard */ = {
			isa = PBXVariantGroup;
			children = (
				22507F831D12205200A150D1 /* Base */,
			);
			name = Main.storyboard;
			sourceTree = "<group>";
		};
		22507F871D12205200A150D1 /* LaunchScreen.storyboard */ = {
			isa = PBXVariantGroup;
			children = (
				22507F881D12205200A150D1 /* Base */,
			);
			name = LaunchScreen.storyboard;
			sourceTree = "<group>";
		};
/* End PBXVariantGroup section */

/* Begin XCBuildConfiguration section */
		22507F8B1D12205200A150D1 /* Debug */ = {
			isa = XCBuildConfiguration;
			buildSettings = {
				ALWAYS_SEARCH_USER_PATHS = NO;
				CLANG_ANALYZER_NONNULL = YES;
				CLANG_CXX_LANGUAGE_STANDARD = "gnu++0x";
				CLANG_CXX_LIBRARY = "libc++";
				CLANG_ENABLE_MODULES = YES;
				CLANG_ENABLE_OBJC_ARC = YES;
				CLANG_WARN_BOOL_CONVERSION = YES;
				CLANG_WARN_CONSTANT_CONVERSION = YES;
				CLANG_WARN_DIRECT_OBJC_ISA_USAGE = YES_ERROR;
				CLANG_WARN_EMPTY_BODY = YES;
				CLANG_WARN_ENUM_CONVERSION = YES;
				CLANG_WARN_INT_CONVERSION = YES;
				CLANG_WARN_OBJC_ROOT_CLASS = YES_ERROR;
				CLANG_WARN_UNREACHABLE_CODE = YES;
				CLANG_WARN__DUPLICATE_METHOD_MATCH = YES;
				"CODE_SIGN_IDENTITY[sdk=iphoneos*]" = "iPhone Developer";
				COPY_PHASE_STRIP = NO;
				DEBUG_INFORMATION_FORMAT = dwarf;
				ENABLE_STRICT_OBJC_MSGSEND = YES;
				ENABLE_TESTABILITY = YES;
				GCC_C_LANGUAGE_STANDARD = gnu99;
				GCC_DYNAMIC_NO_PIC = NO;
				GCC_NO_COMMON_BLOCKS = YES;
				GCC_OPTIMIZATION_LEVEL = 0;
				GCC_PREPROCESSOR_DEFINITIONS = (
					"DEBUG=1",
					"$(inherited)",
				);
				GCC_WARN_64_TO_32_BIT_CONVERSION = YES;
				GCC_WARN_ABOUT_RETURN_TYPE = YES_ERROR;
				GCC_WARN_UNDECLARED_SELECTOR = YES;
				GCC_WARN_UNINITIALIZED_AUTOS = YES_AGGRESSIVE;
				GCC_WARN_UNUSED_FUNCTION = YES;
				GCC_WARN_UNUSED_VARIABLE = YES;
				IPHONEOS_DEPLOYMENT_TARGET = 9.3;
				MTL_ENABLE_DEBUG_INFO = YES;
				ONLY_ACTIVE_ARCH = YES;
				SDKROOT = iphoneos;
				SWIFT_OPTIMIZATION_LEVEL = "-Onone";
				TARGETED_DEVICE_FAMILY = "1,2";
			};
			name = Debug;
		};
		22507F8C1D12205200A150D1 /* Release */ = {
			isa = XCBuildConfiguration;
			buildSettings = {
				ALWAYS_SEARCH_USER_PATHS = NO;
				CLANG_ANALYZER_NONNULL = YES;
				CLANG_CXX_LANGUAGE_STANDARD = "gnu++0x";
				CLANG_CXX_LIBRARY = "libc++";
				CLANG_ENABLE_MODULES = YES;
				CLANG_ENABLE_OBJC_ARC = YES;
				CLANG_WARN_BOOL_CONVERSION = YES;
				CLANG_WARN_CONSTANT_CONVERSION = YES;
				CLANG_WARN_DIRECT_OBJC_ISA_USAGE = YES_ERROR;
				CLANG_WARN_EMPTY_BODY = YES;
				CLANG_WARN_ENUM_CONVERSION = YES;
				CLANG_WARN_INT_CONVERSION = YES;
				CLANG_WARN_OBJC_ROOT_CLASS = YES_ERROR;
				CLANG_WARN_UNREACHABLE_CODE = YES;
				CLANG_WARN__DUPLICATE_METHOD_MATCH = YES;
				"CODE_SIGN_IDENTITY[sdk=iphoneos*]" = "iPhone Developer";
				COPY_PHASE_STRIP = NO;
				DEBUG_INFORMATION_FORMAT = "dwarf-with-dsym";
				ENABLE_NS_ASSERTIONS = NO;
				ENABLE_STRICT_OBJC_MSGSEND = YES;
				GCC_C_LANGUAGE_STANDARD = gnu99;
				GCC_NO_COMMON_BLOCKS = YES;
				GCC_WARN_64_TO_32_BIT_CONVERSION = YES;
				GCC_WARN_ABOUT_RETURN_TYPE = YES_ERROR;
				GCC_WARN_UNDECLARED_SELECTOR = YES;
				GCC_WARN_UNINITIALIZED_AUTOS = YES_AGGRESSIVE;
				GCC_WARN_UNUSED_FUNCTION = YES;
				GCC_WARN_UNUSED_VARIABLE = YES;
				IPHONEOS_DEPLOYMENT_TARGET = 9.3;
				MTL_ENABLE_DEBUG_INFO = NO;
				SDKROOT = iphoneos;
				TARGETED_DEVICE_FAMILY = "1,2";
				VALIDATE_PRODUCT = YES;
			};
			name = Release;
		};
		22507F8E1D12205200A150D1 /* Debug */ = {
			isa = XCBuildConfiguration;
			buildSettings = {
				ASSETCATALOG_COMPILER_APPICON_NAME = AppIcon;
				INFOPLIST_FILE = RGSTextFieldReveal/Info.plist;
				LD_RUNPATH_SEARCH_PATHS = "$(inherited) @executable_path/Frameworks";
				PRODUCT_BUNDLE_IDENTIFIER = com.Software.RGSTextFieldReveal;
				PRODUCT_NAME = "$(TARGET_NAME)";
			};
			name = Debug;
		};
		22507F8F1D12205200A150D1 /* Release */ = {
			isa = XCBuildConfiguration;
			buildSettings = {
				ASSETCATALOG_COMPILER_APPICON_NAME = AppIcon;
				INFOPLIST_FILE = RGSTextFieldReveal/Info.plist;
				LD_RUNPATH_SEARCH_PATHS = "$(inherited) @executable_path/Frameworks";
				PRODUCT_BUNDLE_IDENTIFIER = com.Software.RGSTextFieldReveal;
				PRODUCT_NAME = "$(TARGET_NAME)";
			};
			name = Release;
		};
/* End XCBuildConfiguration section */

/* Begin XCConfigurationList section */
		22507F761D12205200A150D1 /* Build configuration list for PBXProject "RGSTextFieldReveal" */ = {
			isa = XCConfigurationList;
			buildConfigurations = (
				22507F8B1D12205200A150D1 /* Debug */,
				22507F8C1D12205200A150D1 /* Release */,
			);
			defaultConfigurationIsVisible = 0;
			defaultConfigurationName = Release;
		};
		22507F8D1D12205200A150D1 /* Build configuration list for PBXNativeTarget "RGSTextFieldReveal" */ = {
			isa = XCConfigurationList;
			buildConfigurations = (
				22507F8E1D12205200A150D1 /* Debug */,
				22507F8F1D12205200A150D1 /* Release */,
			);
			defaultConfigurationIsVisible = 0;
		};
/* End XCConfigurationList section */
	};
	rootObject = 22507F731D12205200A150D1 /* Project object */;
}
